<?xml version="1.0" encoding="utf-8"?>
<Project ToolsVersion="4.0" xmlns="http://schemas.microsoft.com/developer/msbuild/2003">
  <ItemGroup>
    <Filter Include="源文件">
      <UniqueIdentifier>{4FC737F1-C7A5-4376-A066-2A32D752A2FF}</UniqueIdentifier>
      <Extensions>cpp;c;cc;cxx;def;odl;idl;hpj;bat;asm;asmx</Extensions>
    </Filter>
    <Filter Include="头文件">
      <UniqueIdentifier>{93995380-89BD-4b04-88EB-625FBE52EBFB}</UniqueIdentifier>
      <Extensions>h;hh;hpp;hxx;hm;inl;inc;ipp;xsd</Extensions>
    </Filter>
    <Filter Include="资源文件">
      <UniqueIdentifier>{67DA6AB6-F800-4c08-8B7A-83BB121AAD01}</UniqueIdentifier>
      <Extensions>rc;ico;cur;bmp;dlg;rc2;rct;bin;rgs;gif;jpg;jpeg;jpe;resx;tiff;tif;png;wav;mfcribbon-ms</Extensions>
    </Filter>
    <Filter Include="头文件\Calculator">
      <UniqueIdentifier>{8f1ed193-7603-4939-9a15-7a69ccfd0ec1}</UniqueIdentifier>
    </Filter>
    <Filter Include="头文件\Calculator\Expression">
      <UniqueIdentifier>{b78348ed-8abc-4bdf-ba3a-d36a239bf234}</UniqueIdentifier>
    </Filter>
    <Filter Include="头文件\Calculator\ExpressionItem">
      <UniqueIdentifier>{6c8cd170-8c2c-4a51-be44-8b22c1e13ef7}</UniqueIdentifier>
    </Filter>
    <Filter Include="头文件\Calculator\ExpressionItem\Value">
      <UniqueIdentifier>{916b633c-b4ce-42c8-a5e2-56cea1c7f857}</UniqueIdentifier>
    </Filter>
    <Filter Include="头文件\Calculator\ExpressionItem\Operator">
      <UniqueIdentifier>{5b233acf-3b4c-4cf3-b951-c25f5f974902}</UniqueIdentifier>
    </Filter>
    <Filter Include="头文件\Parser">
      <UniqueIdentifier>{5ab3f58d-c686-413e-9af9-02c7795a707f}</UniqueIdentifier>
    </Filter>
    <Filter Include="头文件\Parser\Statement">
      <UniqueIdentifier>{84d49e84-054d-4994-904c-2f4422241764}</UniqueIdentifier>
    </Filter>
    <Filter Include="头文件\Parser\Various">
      <UniqueIdentifier>{ff61433c-04c4-43b6-a8dc-456c0ea56a33}</UniqueIdentifier>
    </Filter>
    <Filter Include="头文件\Parser\Various\Array">
      <UniqueIdentifier>{3a6bb29c-a85c-462f-908e-c6feeab5fbc1}</UniqueIdentifier>
    </Filter>
    <Filter Include="头文件\Parser\Various\Various">
      <UniqueIdentifier>{7ef64f05-cf74-47ba-801d-8f2a70949f15}</UniqueIdentifier>
    </Filter>
    <Filter Include="头文件\Interface">
      <UniqueIdentifier>{dd927810-61bf-46ad-a8df-8b7eb70339ff}</UniqueIdentifier>
    </Filter>
    <Filter Include="头文件\Calculator\ExpressionItem\Bracket">
      <UniqueIdentifier>{b1368ac6-1d8a-4bea-a498-d29060b428b1}</UniqueIdentifier>
    </Filter>
    <Filter Include="头文件\Calculator\ExpressionItem\Identification">
      <UniqueIdentifier>{ccda1b02-f57b-46ac-89ca-860512754fb4}</UniqueIdentifier>
    </Filter>
  </ItemGroup>
  <ItemGroup>
    <ClInclude Include="Statement.h">
      <Filter>头文件\Parser\Statement</Filter>
    </ClInclude>
    <ClInclude Include="StatementBlocks.h">
      <Filter>头文件\Parser\Statement</Filter>
    </ClInclude>
    <ClInclude Include="Array.h">
      <Filter>头文件\Parser\Various\Array</Filter>
    </ClInclude>
    <ClInclude Include="FixedSizeArray.h">
      <Filter>头文件\Parser\Various\Array</Filter>
    </ClInclude>
    <ClInclude Include="Various.h">
      <Filter>头文件\Parser\Various\Various</Filter>
    </ClInclude>
    <ClInclude Include="VariousTable.h">
      <Filter>头文件\Parser\Various</Filter>
    </ClInclude>
    <ClInclude Include="VariousBase.h">
      <Filter>头文件\Parser\Various</Filter>
    </ClInclude>
    <ClInclude Include="AssignStatement.h">
      <Filter>头文件\Parser\Statement</Filter>
    </ClInclude>
    <ClInclude Include="InfixExpression.h">
      <Filter>头文件\Calculator\Expression</Filter>
    </ClInclude>
    <ClInclude Include="ValueItem.h">
      <Filter>头文件\Calculator\ExpressionItem\Value</Filter>
    </ClInclude>
    <ClInclude Include="BinaryOperator.h">
      <Filter>头文件\Calculator\ExpressionItem\Operator</Filter>
    </ClInclude>
    <ClInclude Include="OperatorItem.h">
      <Filter>头文件\Calculator\ExpressionItem\Operator</Filter>
    </ClInclude>
    <ClInclude Include="DynamicSizeArray.h">
      <Filter>头文件\Parser\Various\Array</Filter>
    </ClInclude>
    <ClInclude Include="ISavable.h">
      <Filter>头文件\Interface</Filter>
    </ClInclude>
    <ClInclude Include="ItemParser.h">
      <Filter>头文件\Calculator\ExpressionItem</Filter>
    </ClInclude>
    <ClInclude Include="BracketItem.h">
      <Filter>头文件\Calculator\ExpressionItem\Bracket</Filter>
    </ClInclude>
    <ClInclude Include="ExpressionParser.h">
      <Filter>头文件\Calculator\Expression</Filter>
    </ClInclude>
    <ClInclude Include="ObjectPool.h">
      <Filter>头文件\Calculator</Filter>
    </ClInclude>
    <ClInclude Include="Expression.h">
      <Filter>头文件\Calculator\Expression</Filter>
    </ClInclude>
    <ClInclude Include="ItemBase.h">
      <Filter>头文件\Calculator\ExpressionItem</Filter>
    </ClInclude>
    <ClInclude Include="SuffixExpression.h">
      <Filter>头文件\Calculator\Expression</Filter>
    </ClInclude>
    <ClInclude Include="UnaryOperator.h">
      <Filter>头文件\Calculator\ExpressionItem\Operator</Filter>
    </ClInclude>
    <ClInclude Include="Calculator.h">
      <Filter>头文件\Calculator</Filter>
    </ClInclude>
    <ClInclude Include="FunctionIDF.h">
      <Filter>头文件\Calculator\ExpressionItem\Identification</Filter>
    </ClInclude>
    <ClInclude Include="IdentificationItem.h">
      <Filter>头文件\Calculator\ExpressionItem\Identification</Filter>
    </ClInclude>
    <ClInclude Include="VariousIDF.h">
      <Filter>头文件\Calculator\ExpressionItem\Identification</Filter>
    </ClInclude>
  </ItemGroup>
  <ItemGroup>
    <ClCompile Include="Various.cpp">
      <Filter>源文件</Filter>
    </ClCompile>
    <ClCompile Include="StatementBlocks.cpp">
      <Filter>源文件</Filter>
    </ClCompile>
    <ClCompile Include="AssignStatement.cpp">
      <Filter>源文件</Filter>
    </ClCompile>
    <ClCompile Include="BinaryOperator.cpp">
      <Filter>源文件</Filter>
    </ClCompile>
    <ClCompile Include="BracketItem.cpp">
      <Filter>源文件</Filter>
    </ClCompile>
    <ClCompile Include="UnaryOperator.cpp">
      <Filter>源文件</Filter>
    </ClCompile>
    <ClCompile Include="Test.cpp">
      <Filter>源文件</Filter>
    </ClCompile>
  </ItemGroup>
</Project>